
Microsoft Visual Studio Solution File, Format Version 12.00
# Visual Studio Version 16
VisualStudioVersion = 16.0.30523.141
MinimumVisualStudioVersion = 10.0.40219.1
Project("{FAE04EC0-301F-11D3-BF4B-00C04F79EFBC}") = "BlockNotas", "BlockNotas.csproj", "{8203775F-737A-4AA1-886A-7D0FAEC5315E}"
EndProject
Global
	GlobalSection(SolutionConfigurationPlatforms) = preSolution
		Debug|Any CPU = Debug|Any CPU
		Release|Any CPU = Release|Any CPU
	EndGlobalSection
	GlobalSection(ProjectConfigurationPlatforms) = postSolution
		{8203775F-737A-4AA1-886A-7D0FAEC5315E}.Debug|Any CPU.ActiveCfg = Debug|Any CPU
		{8203775F-737A-4AA1-886A-7D0FAEC5315E}.Debug|Any CPU.Build.0 = Debug|Any CPU
		{8203775F-737A-4AA1-886A-7D0FAEC5315E}.Release|Any CPU.ActiveCfg = Release|Any CPU
		{8203775F-737A-4AA1-886A-7D0FAEC5315E}.Release|Any CPU.Build.0 = Release|Any CPU
	EndGlobalSection
	GlobalSection(SolutionProperties) = preSolution
		HideSolutionNode = FALSE
	EndGlobalSection
	GlobalSection(ExtensibilityGlobals) = postSolution
		SolutionGuid = {E02AF07A-5456-49A3-962C-5BD110287D2E}
	EndGlobalSection
EndGlobal
